
Microsoft Visual Studio Solution File, Format Version 12.00
# Visual Studio Version 17
VisualStudioVersion = 17.5.33424.131
MinimumVisualStudioVersion = 10.0.40219.1
Project("{FAE04EC0-301F-11D3-BF4B-00C04F79EFBC}") = "CQRS_Pattern", "CQRS_Pattern\CQRS_Pattern.csproj", "{5F66E476-F78A-44AB-9992-218062170047}"
EndProject
Global
	GlobalSection(SolutionConfigurationPlatforms) = preSolution
		Debug|Any CPU = Debug|Any CPU
		Release|Any CPU = Release|Any CPU
	EndGlobalSection
	GlobalSection(ProjectConfigurationPlatforms) = postSolution
		{5F66E476-F78A-44AB-9992-218062170047}.Debug|Any CPU.ActiveCfg = Debug|Any CPU
		{5F66E476-F78A-44AB-9992-218062170047}.Debug|Any CPU.Build.0 = Debug|Any CPU
		{5F66E476-F78A-44AB-9992-218062170047}.Release|Any CPU.ActiveCfg = Release|Any CPU
		{5F66E476-F78A-44AB-9992-218062170047}.Release|Any CPU.Build.0 = Release|Any CPU
	EndGlobalSection
	GlobalSection(SolutionProperties) = preSolution
		HideSolutionNode = FALSE
	EndGlobalSection
	GlobalSection(ExtensibilityGlobals) = postSolution
		SolutionGuid = {D2E9B728-2854-49C3-9068-2B7B6034BC62}
	EndGlobalSection
EndGlobal
